
Microsoft Visual Studio Solution File, Format Version 12.00
# Visual Studio Version 16
VisualStudioVersion = 16.0.28922.388
MinimumVisualStudioVersion = 10.0.40219.1
Project("{FAE04EC0-301F-11D3-BF4B-00C04F79EFBC}") = "Demo", "Demo\Demo.csproj", "{2C36DE91-95E5-48FF-B986-E19C165C520E}"
EndProject
Project("{FAE04EC0-301F-11D3-BF4B-00C04F79EFBC}") = "KoboldCom", "KoboldCom\KoboldCom.csproj", "{5D3AF405-53B3-449B-8F18-810FF167E8F2}"
EndProject
Global
	GlobalSection(SolutionConfigurationPlatforms) = preSolution
		Debug|Any CPU = Debug|Any CPU
		Debug|Mixed Platforms = Debug|Mixed Platforms
		Debug|x86 = Debug|x86
		Release|Any CPU = Release|Any CPU
		Release|Mixed Platforms = Release|Mixed Platforms
		Release|x86 = Release|x86
	EndGlobalSection
	GlobalSection(ProjectConfigurationPlatforms) = postSolution
		{2C36DE91-95E5-48FF-B986-E19C165C520E}.Debug|Any CPU.ActiveCfg = Debug|x86
		{2C36DE91-95E5-48FF-B986-E19C165C520E}.Debug|Mixed Platforms.ActiveCfg = Debug|x86
		{2C36DE91-95E5-48FF-B986-E19C165C520E}.Debug|Mixed Platforms.Build.0 = Debug|x86
		{2C36DE91-95E5-48FF-B986-E19C165C520E}.Debug|x86.ActiveCfg = Debug|x86
		{2C36DE91-95E5-48FF-B986-E19C165C520E}.Debug|x86.Build.0 = Debug|x86
		{2C36DE91-95E5-48FF-B986-E19C165C520E}.Release|Any CPU.ActiveCfg = Release|x86
		{2C36DE91-95E5-48FF-B986-E19C165C520E}.Release|Mixed Platforms.ActiveCfg = Release|x86
		{2C36DE91-95E5-48FF-B986-E19C165C520E}.Release|Mixed Platforms.Build.0 = Release|x86
		{2C36DE91-95E5-48FF-B986-E19C165C520E}.Release|x86.ActiveCfg = Release|x86
		{2C36DE91-95E5-48FF-B986-E19C165C520E}.Release|x86.Build.0 = Release|x86
		{5D3AF405-53B3-449B-8F18-810FF167E8F2}.Debug|Any CPU.ActiveCfg = Debug|Any CPU
		{5D3AF405-53B3-449B-8F18-810FF167E8F2}.Debug|Any CPU.Build.0 = Debug|Any CPU
		{5D3AF405-53B3-449B-8F18-810FF167E8F2}.Debug|Mixed Platforms.ActiveCfg = Debug|Any CPU
		{5D3AF405-53B3-449B-8F18-810FF167E8F2}.Debug|Mixed Platforms.Build.0 = Debug|Any CPU
		{5D3AF405-53B3-449B-8F18-810FF167E8F2}.Debug|x86.ActiveCfg = Debug|Any CPU
		{5D3AF405-53B3-449B-8F18-810FF167E8F2}.Debug|x86.Build.0 = Debug|Any CPU
		{5D3AF405-53B3-449B-8F18-810FF167E8F2}.Release|Any CPU.ActiveCfg = Release|Any CPU
		{5D3AF405-53B3-449B-8F18-810FF167E8F2}.Release|Any CPU.Build.0 = Release|Any CPU
		{5D3AF405-53B3-449B-8F18-810FF167E8F2}.Release|Mixed Platforms.ActiveCfg = Release|Any CPU
		{5D3AF405-53B3-449B-8F18-810FF167E8F2}.Release|Mixed Platforms.Build.0 = Release|Any CPU
		{5D3AF405-53B3-449B-8F18-810FF167E8F2}.Release|x86.ActiveCfg = Release|Any CPU
		{5D3AF405-53B3-449B-8F18-810FF167E8F2}.Release|x86.Build.0 = Release|Any CPU
	EndGlobalSection
	GlobalSection(SolutionProperties) = preSolution
		HideSolutionNode = FALSE
	EndGlobalSection
	GlobalSection(ExtensibilityGlobals) = postSolution
		SolutionGuid = {319C205F-38A9-4677-9DF4-29CA8A0AF195}
	EndGlobalSection
EndGlobal
